// !$*UTF8*$!
{
	archiveVersion = 1;
	classes = {
	};
	objectVersion = 56;
	objects = {

/* Begin PBXBuildFile section */
		0FCD6FBFB9B635E1C7009E46 /* Pods_Firebase_Carthage.framework in Frameworks */ = {isa = PBXBuildFile; fileRef = 5AB6005A4F215AC5426EC2A2 /* Pods_Firebase_Carthage.framework */; };
		5B03D6C12B9B2D3E00A6CA6B /* Firebase_Carthage.framework in Frameworks */ = {isa = PBXBuildFile; fileRef = 5B03D6B82B9B2D3E00A6CA6B /* Firebase_Carthage.framework */; };
		5B03D6C62B9B2D3E00A6CA6B /* Firebase_CarthageTests.swift in Sources */ = {isa = PBXBuildFile; fileRef = 5B03D6C52B9B2D3E00A6CA6B /* Firebase_CarthageTests.swift */; };
		5B03D6C72B9B2D3E00A6CA6B /* Firebase_Carthage.h in Headers */ = {isa = PBXBuildFile; fileRef = 5B03D6BB2B9B2D3E00A6CA6B /* Firebase_Carthage.h */; settings = {ATTRIBUTES = (Public, ); }; };
/* End PBXBuildFile section */

/* Begin PBXContainerItemProxy section */
		5B03D6C22B9B2D3E00A6CA6B /* PBXContainerItemProxy */ = {
			isa = PBXContainerItemProxy;
			containerPortal = 5B03D6AF2B9B2D3E00A6CA6B /* Project object */;
			proxyType = 1;
			remoteGlobalIDString = 5B03D6B72B9B2D3E00A6CA6B;
			remoteInfo = "Firebase-Carthage";
		};
/* End PBXContainerItemProxy section */

/* Begin PBXFileReference section */
		5AB6005A4F215AC5426EC2A2 /* Pods_Firebase_Carthage.framework */ = {isa = PBXFileReference; explicitFileType = wrapper.framework; includeInIndex = 0; path = Pods_Firebase_Carthage.framework; sourceTree = BUILT_PRODUCTS_DIR; };
		5B03D6B82B9B2D3E00A6CA6B /* Firebase_Carthage.framework */ = {isa = PBXFileReference; explicitFileType = wrapper.framework; includeInIndex = 0; path = Firebase_Carthage.framework; sourceTree = BUILT_PRODUCTS_DIR; };
		5B03D6BB2B9B2D3E00A6CA6B /* Firebase_Carthage.h */ = {isa = PBXFileReference; lastKnownFileType = sourcecode.c.h; path = Firebase_Carthage.h; sourceTree = "<group>"; };
		5B03D6C02B9B2D3E00A6CA6B /* Firebase-CarthageTests.xctest */ = {isa = PBXFileReference; explicitFileType = wrapper.cfbundle; includeInIndex = 0; path = "Firebase-CarthageTests.xctest"; sourceTree = BUILT_PRODUCTS_DIR; };
		5B03D6C52B9B2D3E00A6CA6B /* Firebase_CarthageTests.swift */ = {isa = PBXFileReference; lastKnownFileType = sourcecode.swift; path = Firebase_CarthageTests.swift; sourceTree = "<group>"; };
		874ACDC6DE28472349026F49 /* Pods-Firebase-Carthage.release.xcconfig */ = {isa = PBXFileReference; includeInIndex = 1; lastKnownFileType = text.xcconfig; name = "Pods-Firebase-Carthage.release.xcconfig"; path = "Target Support Files/Pods-Firebase-Carthage/Pods-Firebase-Carthage.release.xcconfig"; sourceTree = "<group>"; };
		A5ADBA366F9161286A90AEDC /* Pods-Firebase-Carthage.debug.xcconfig */ = {isa = PBXFileReference; includeInIndex = 1; lastKnownFileType = text.xcconfig; name = "Pods-Firebase-Carthage.debug.xcconfig"; path = "Target Support Files/Pods-Firebase-Carthage/Pods-Firebase-Carthage.debug.xcconfig"; sourceTree = "<group>"; };
/* End PBXFileReference section */

/* Begin PBXFrameworksBuildPhase section */
		5B03D6B52B9B2D3E00A6CA6B /* Frameworks */ = {
			isa = PBXFrameworksBuildPhase;
			buildActionMask = 2147483647;
			files = (
				0FCD6FBFB9B635E1C7009E46 /* Pods_Firebase_Carthage.framework in Frameworks */,
			);
			runOnlyForDeploymentPostprocessing = 0;
		};
		5B03D6BD2B9B2D3E00A6CA6B /* Frameworks */ = {
			isa = PBXFrameworksBuildPhase;
			buildActionMask = 2147483647;
			files = (
				5B03D6C12B9B2D3E00A6CA6B /* Firebase_Carthage.framework in Frameworks */,
			);
			runOnlyForDeploymentPostprocessing = 0;
		};
/* End PBXFrameworksBuildPhase section */

/* Begin PBXGroup section */
		5B03D6AE2B9B2D3E00A6CA6B = {
			isa = PBXGroup;
			children = (
				5B03D6BA2B9B2D3E00A6CA6B /* Firebase-Carthage */,
				5B03D6C42B9B2D3E00A6CA6B /* Firebase-CarthageTests */,
				5B03D6B92B9B2D3E00A6CA6B /* Products */,
				8A555180EB592925A82F2992 /* Pods */,
				9A08D60B774B0E3F9B4BEDD6 /* Frameworks */,
			);
			sourceTree = "<group>";
		};
		5B03D6B92B9B2D3E00A6CA6B /* Products */ = {
			isa = PBXGroup;
			children = (
				5B03D6B82B9B2D3E00A6CA6B /* Firebase_Carthage.framework */,
				5B03D6C02B9B2D3E00A6CA6B /* Firebase-CarthageTests.xctest */,
			);
			name = Products;
			sourceTree = "<group>";
		};
		5B03D6BA2B9B2D3E00A6CA6B /* Firebase-Carthage */ = {
			isa = PBXGroup;
			children = (
				5B03D6BB2B9B2D3E00A6CA6B /* Firebase_Carthage.h */,
			);
			path = "Firebase-Carthage";
			sourceTree = "<group>";
		};
		5B03D6C42B9B2D3E00A6CA6B /* Firebase-CarthageTests */ = {
			isa = PBXGroup;
			children = (
				5B03D6C52B9B2D3E00A6CA6B /* Firebase_CarthageTests.swift */,
			);
			path = "Firebase-CarthageTests";
			sourceTree = "<group>";
		};
		8A555180EB592925A82F2992 /* Pods */ = {
			isa = PBXGroup;
			children = (
				A5ADBA366F9161286A90AEDC /* Pods-Firebase-Carthage.debug.xcconfig */,
				874ACDC6DE28472349026F49 /* Pods-Firebase-Carthage.release.xcconfig */,
			);
			name = Pods;
			path = Pods;
			sourceTree = "<group>";
		};
		9A08D60B774B0E3F9B4BEDD6 /* Frameworks */ = {
			isa = PBXGroup;
			children = (
				5AB6005A4F215AC5426EC2A2 /* Pods_Firebase_Carthage.framework */,
			);
			name = Frameworks;
			sourceTree = "<group>";
		};
/* End PBXGroup section */

/* Begin PBXHeadersBuildPhase section */
		5B03D6B32B9B2D3E00A6CA6B /* Headers */ = {
			isa = PBXHeadersBuildPhase;
			buildActionMask = 2147483647;
			files = (
				5B03D6C72B9B2D3E00A6CA6B /* Firebase_Carthage.h in Headers */,
			);
			runOnlyForDeploymentPostprocessing = 0;
		};
/* End PBXHeadersBuildPhase section */

/* Begin PBXNativeTarget section */
		5B03D6B72B9B2D3E00A6CA6B /* Firebase-Carthage */ = {
			isa = PBXNativeTarget;
			buildConfigurationList = 5B03D6CA2B9B2D3E00A6CA6B /* Build configuration list for PBXNativeTarget "Firebase-Carthage" */;
			buildPhases = (
				30518F2855BB3BA92C81BC8D /* [CP] Check Pods Manifest.lock */,
				5B03D6B32B9B2D3E00A6CA6B /* Headers */,
				5B03D6B42B9B2D3E00A6CA6B /* Sources */,
				5B03D6B52B9B2D3E00A6CA6B /* Frameworks */,
				5B03D6B62B9B2D3E00A6CA6B /* Resources */,
			);
			buildRules = (
			);
			dependencies = (
			);
			name = "Firebase-Carthage";
			productName = "Firebase-Carthage";
			productReference = 5B03D6B82B9B2D3E00A6CA6B /* Firebase_Carthage.framework */;
			productType = "com.apple.product-type.framework";
		};
		5B03D6BF2B9B2D3E00A6CA6B /* Firebase-CarthageTests */ = {
			isa = PBXNativeTarget;
			buildConfigurationList = 5B03D6CD2B9B2D3E00A6CA6B /* Build configuration list for PBXNativeTarget "Firebase-CarthageTests" */;
			buildPhases = (
				5B03D6BC2B9B2D3E00A6CA6B /* Sources */,
				5B03D6BD2B9B2D3E00A6CA6B /* Frameworks */,
				5B03D6BE2B9B2D3E00A6CA6B /* Resources */,
			);
			buildRules = (
			);
			dependencies = (
				5B03D6C32B9B2D3E00A6CA6B /* PBXTargetDependency */,
			);
			name = "Firebase-CarthageTests";
			productName = "Firebase-CarthageTests";
			productReference = 5B03D6C02B9B2D3E00A6CA6B /* Firebase-CarthageTests.xctest */;
			productType = "com.apple.product-type.bundle.unit-test";
		};
/* End PBXNativeTarget section */

/* Begin PBXProject section */
		5B03D6AF2B9B2D3E00A6CA6B /* Project object */ = {
			isa = PBXProject;
			attributes = {
				BuildIndependentTargetsInParallel = 1;
				LastSwiftUpdateCheck = 1520;
				LastUpgradeCheck = 1520;
				TargetAttributes = {
					5B03D6B72B9B2D3E00A6CA6B = {
						CreatedOnToolsVersion = 15.2;
					};
					5B03D6BF2B9B2D3E00A6CA6B = {
						CreatedOnToolsVersion = 15.2;
					};
				};
			};
			buildConfigurationList = 5B03D6B22B9B2D3E00A6CA6B /* Build configuration list for PBXProject "Firebase-Carthage" */;
			compatibilityVersion = "Xcode 14.0";
			developmentRegion = en;
			hasScannedForEncodings = 0;
			knownRegions = (
				en,
				Base,
			);
			mainGroup = 5B03D6AE2B9B2D3E00A6CA6B;
			productRefGroup = 5B03D6B92B9B2D3E00A6CA6B /* Products */;
			projectDirPath = "";
			projectRoot = "";
			targets = (
				5B03D6B72B9B2D3E00A6CA6B /* Firebase-Carthage */,
				5B03D6BF2B9B2D3E00A6CA6B /* Firebase-CarthageTests */,
			);
		};
/* End PBXProject section */

/* Begin PBXResourcesBuildPhase section */
		5B03D6B62B9B2D3E00A6CA6B /* Resources */ = {
			isa = PBXResourcesBuildPhase;
			buildActionMask = 2147483647;
			files = (
			);
			runOnlyForDeploymentPostprocessing = 0;
		};
		5B03D6BE2B9B2D3E00A6CA6B /* Resources */ = {
			isa = PBXResourcesBuildPhase;
			buildActionMask = 2147483647;
			files = (
			);
			runOnlyForDeploymentPostprocessing = 0;
		};
/* End PBXResourcesBuildPhase section */

/* Begin PBXShellScriptBuildPhase section */
		30518F2855BB3BA92C81BC8D /* [CP] Check Pods Manifest.lock */ = {
			isa = PBXShellScriptBuildPhase;
			buildActionMask = 2147483647;
			files = (
			);
			inputFileListPaths = (
			);
			inputPaths = (
				"${PODS_PODFILE_DIR_PATH}/Podfile.lock",
				"${PODS_ROOT}/Manifest.lock",
			);
			name = "[CP] Check Pods Manifest.lock";
			outputFileListPaths = (
			);
			outputPaths = (
				"$(DERIVED_FILE_DIR)/Pods-Firebase-Carthage-checkManifestLockResult.txt",
			);
			runOnlyForDeploymentPostprocessing = 0;
			shellPath = /bin/sh;
			shellScript = "diff \"${PODS_PODFILE_DIR_PATH}/Podfile.lock\" \"${PODS_ROOT}/Manifest.lock\" > /dev/null\nif [ $? != 0 ] ; then\n    # print error to STDERR\n    echo \"error: The sandbox is not in sync with the Podfile.lock. Run 'pod install' or update your CocoaPods installation.\" >&2\n    exit 1\nfi\n# This output is used by Xcode 'outputs' to avoid re-running this script phase.\necho \"SUCCESS\" > \"${SCRIPT_OUTPUT_FILE_0}\"\n";
			showEnvVarsInLog = 0;
		};
/* End PBXShellScriptBuildPhase section */

/* Begin PBXSourcesBuildPhase section */
		5B03D6B42B9B2D3E00A6CA6B /* Sources */ = {
			isa = PBXSourcesBuildPhase;
			buildActionMask = 2147483647;
			files = (
			);
			runOnlyForDeploymentPostprocessing = 0;
		};
		5B03D6BC2B9B2D3E00A6CA6B /* Sources */ = {
			isa = PBXSourcesBuildPhase;
			buildActionMask = 2147483647;
			files = (
				5B03D6C62B9B2D3E00A6CA6B /* Firebase_CarthageTests.swift in Sources */,
			);
			runOnlyForDeploymentPostprocessing = 0;
		};
/* End PBXSourcesBuildPhase section */

/* Begin PBXTargetDependency section */
		5B03D6C32B9B2D3E00A6CA6B /* PBXTargetDependency */ = {
			isa = PBXTargetDependency;
			target = 5B03D6B72B9B2D3E00A6CA6B /* Firebase-Carthage */;
			targetProxy = 5B03D6C22B9B2D3E00A6CA6B /* PBXContainerItemProxy */;
		};
/* End PBXTargetDependency section */

/* Begin XCBuildConfiguration section */
		5B03D6C82B9B2D3E00A6CA6B /* Debug */ = {
			isa = XCBuildConfiguration;
			buildSettings = {
				ALWAYS_SEARCH_USER_PATHS = NO;
				ASSETCATALOG_COMPILER_GENERATE_SWIFT_ASSET_SYMBOL_EXTENSIONS = YES;
				CLANG_ANALYZER_NONNULL = YES;
				CLANG_ANALYZER_NUMBER_OBJECT_CONVERSION = YES_AGGRESSIVE;
				CLANG_CXX_LANGUAGE_STANDARD = "gnu++20";
				CLANG_ENABLE_MODULES = YES;
				CLANG_ENABLE_OBJC_ARC = YES;
				CLANG_ENABLE_OBJC_WEAK = YES;
				CLANG_WARN_BLOCK_CAPTURE_AUTORELEASING = YES;
				CLANG_WARN_BOOL_CONVERSION = YES;
				CLANG_WARN_COMMA = YES;
				CLANG_WARN_CONSTANT_CONVERSION = YES;
				CLANG_WARN_DEPRECATED_OBJC_IMPLEMENTATIONS = YES;
				CLANG_WARN_DIRECT_OBJC_ISA_USAGE = YES_ERROR;
				CLANG_WARN_DOCUMENTATION_COMMENTS = YES;
				CLANG_WARN_EMPTY_BODY = YES;
				CLANG_WARN_ENUM_CONVERSION = YES;
				CLANG_WARN_INFINITE_RECURSION = YES;
				CLANG_WARN_INT_CONVERSION = YES;
				CLANG_WARN_NON_LITERAL_NULL_CONVERSION = YES;
				CLANG_WARN_OBJC_IMPLICIT_RETAIN_SELF = YES;
				CLANG_WARN_OBJC_LITERAL_CONVERSION = YES;
				CLANG_WARN_OBJC_ROOT_CLASS = YES_ERROR;
				CLANG_WARN_QUOTED_INCLUDE_IN_FRAMEWORK_HEADER = YES;
				CLANG_WARN_RANGE_LOOP_ANALYSIS = YES;
				CLANG_WARN_STRICT_PROTOTYPES = YES;
				CLANG_WARN_SUSPICIOUS_MOVE = YES;
				CLANG_WARN_UNGUARDED_AVAILABILITY = YES_AGGRESSIVE;
				CLANG_WARN_UNREACHABLE_CODE = YES;
				CLANG_WARN__DUPLICATE_METHOD_MATCH = YES;
				COPY_PHASE_STRIP = NO;
				CURRENT_PROJECT_VERSION = 1;
				DEBUG_INFORMATION_FORMAT = dwarf;
				ENABLE_STRICT_OBJC_MSGSEND = YES;
				ENABLE_TESTABILITY = YES;
				ENABLE_USER_SCRIPT_SANDBOXING = YES;
				GCC_C_LANGUAGE_STANDARD = gnu17;
				GCC_DYNAMIC_NO_PIC = NO;
				GCC_NO_COMMON_BLOCKS = YES;
				GCC_OPTIMIZATION_LEVEL = 0;
				GCC_PREPROCESSOR_DEFINITIONS = (
					"DEBUG=1",
					"$(inherited)",
				);
				GCC_WARN_64_TO_32_BIT_CONVERSION = YES;
				GCC_WARN_ABOUT_RETURN_TYPE = YES_ERROR;
				GCC_WARN_UNDECLARED_SELECTOR = YES;
				GCC_WARN_UNINITIALIZED_AUTOS = YES_AGGRESSIVE;
				GCC_WARN_UNUSED_FUNCTION = YES;
				GCC_WARN_UNUSED_VARIABLE = YES;
				IPHONEOS_DEPLOYMENT_TARGET = 13.0;
				LOCALIZATION_PREFERS_STRING_CATALOGS = YES;
				MTL_ENABLE_DEBUG_INFO = INCLUDE_SOURCE;
				MTL_FAST_MATH = YES;
				ONLY_ACTIVE_ARCH = YES;
				SDKROOT = iphoneos;
				SWIFT_ACTIVE_COMPILATION_CONDITIONS = "DEBUG $(inherited)";
				SWIFT_OPTIMIZATION_LEVEL = "-Onone";
				VERSIONING_SYSTEM = "apple-generic";
				VERSION_INFO_PREFIX = "";
			};
			name = Debug;
		};
		5B03D6C92B9B2D3E00A6CA6B /* Release */ = {
			isa = XCBuildConfiguration;
			buildSettings = {
				ALWAYS_SEARCH_USER_PATHS = NO;
				ASSETCATALOG_COMPILER_GENERATE_SWIFT_ASSET_SYMBOL_EXTENSIONS = YES;
				CLANG_ANALYZER_NONNULL = YES;
				CLANG_ANALYZER_NUMBER_OBJECT_CONVERSION = YES_AGGRESSIVE;
				CLANG_CXX_LANGUAGE_STANDARD = "gnu++20";
				CLANG_ENABLE_MODULES = YES;
				CLANG_ENABLE_OBJC_ARC = YES;
				CLANG_ENABLE_OBJC_WEAK = YES;
				CLANG_WARN_BLOCK_CAPTURE_AUTORELEASING = YES;
				CLANG_WARN_BOOL_CONVERSION = YES;
				CLANG_WARN_COMMA = YES;
				CLANG_WARN_CONSTANT_CONVERSION = YES;
				CLANG_WARN_DEPRECATED_OBJC_IMPLEMENTATIONS = YES;
				CLANG_WARN_DIRECT_OBJC_ISA_USAGE = YES_ERROR;
				CLANG_WARN_DOCUMENTATION_COMMENTS = YES;
				CLANG_WARN_EMPTY_BODY = YES;
				CLANG_WARN_ENUM_CONVERSION = YES;
				CLANG_WARN_INFINITE_RECURSION = YES;
				CLANG_WARN_INT_CONVERSION = YES;
				CLANG_WARN_NON_LITERAL_NULL_CONVERSION = YES;
				CLANG_WARN_OBJC_IMPLICIT_RETAIN_SELF = YES;
				CLANG_WARN_OBJC_LITERAL_CONVERSION = YES;
				CLANG_WARN_OBJC_ROOT_CLASS = YES_ERROR;
				CLANG_WARN_QUOTED_INCLUDE_IN_FRAMEWORK_HEADER = YES;
				CLANG_WARN_RANGE_LOOP_ANALYSIS = YES;
				CLANG_WARN_STRICT_PROTOTYPES = YES;
				CLANG_WARN_SUSPICIOUS_MOVE = YES;
				CLANG_WARN_UNGUARDED_AVAILABILITY = YES_AGGRESSIVE;
				CLANG_WARN_UNREACHABLE_CODE = YES;
				CLANG_WARN__DUPLICATE_METHOD_MATCH = YES;
				COPY_PHASE_STRIP = NO;
				CURRENT_PROJECT_VERSION = 1;
				DEBUG_INFORMATION_FORMAT = "dwarf-with-dsym";
				ENABLE_NS_ASSERTIONS = NO;
				ENABLE_STRICT_OBJC_MSGSEND = YES;
				ENABLE_USER_SCRIPT_SANDBOXING = YES;
				GCC_C_LANGUAGE_STANDARD = gnu17;
				GCC_NO_COMMON_BLOCKS = YES;
				GCC_WARN_64_TO_32_BIT_CONVERSION = YES;
				GCC_WARN_ABOUT_RETURN_TYPE = YES_ERROR;
				GCC_WARN_UNDECLARED_SELECTOR = YES;
				GCC_WARN_UNINITIALIZED_AUTOS = YES_AGGRESSIVE;
				GCC_WARN_UNUSED_FUNCTION = YES;
				GCC_WARN_UNUSED_VARIABLE = YES;
				IPHONEOS_DEPLOYMENT_TARGET = 13.0;
				LOCALIZATION_PREFERS_STRING_CATALOGS = YES;
				MTL_ENABLE_DEBUG_INFO = NO;
				MTL_FAST_MATH = YES;
				SDKROOT = iphoneos;
				SWIFT_COMPILATION_MODE = wholemodule;
				VALIDATE_PRODUCT = YES;
				VERSIONING_SYSTEM = "apple-generic";
				VERSION_INFO_PREFIX = "";
			};
			name = Release;
		};
		5B03D6CB2B9B2D3E00A6CA6B /* Debug */ = {
			isa = XCBuildConfiguration;
			baseConfigurationReference = A5ADBA366F9161286A90AEDC /* Pods-Firebase-Carthage.debug.xcconfig */;
			buildSettings = {
				CODE_SIGN_STYLE = Automatic;
				CURRENT_PROJECT_VERSION = 1;
				DEFINES_MODULE = YES;
				DEVELOPMENT_TEAM = ZPQV7J355L;
				DYLIB_COMPATIBILITY_VERSION = 1;
				DYLIB_CURRENT_VERSION = 1;
				DYLIB_INSTALL_NAME_BASE = "@rpath";
				ENABLE_MODULE_VERIFIER = YES;
				GENERATE_INFOPLIST_FILE = YES;
				INFOPLIST_KEY_NSHumanReadableCopyright = "";
				INSTALL_PATH = "$(LOCAL_LIBRARY_DIR)/Frameworks";
				LD_RUNPATH_SEARCH_PATHS = (
					"$(inherited)",
					"@executable_path/Frameworks",
					"@loader_path/Frameworks",
				);
				MARKETING_VERSION = 1.0;
				MODULE_VERIFIER_SUPPORTED_LANGUAGES = "objective-c objective-c++";
				MODULE_VERIFIER_SUPPORTED_LANGUAGE_STANDARDS = "gnu17 gnu++20";
				PRODUCT_BUNDLE_IDENTIFIER = "com.zabolotiny.Firebase-Carthage";
				PRODUCT_NAME = "$(TARGET_NAME:c99extidentifier)";
				SKIP_INSTALL = YES;
				SWIFT_EMIT_LOC_STRINGS = YES;
				SWIFT_VERSION = 5.0;
				TARGETED_DEVICE_FAMILY = "1,2";
			};
			name = Debug;
		};
		5B03D6CC2B9B2D3E00A6CA6B /* Release */ = {
			isa = XCBuildConfiguration;
			baseConfigurationReference = 874ACDC6DE28472349026F49 /* Pods-Firebase-Carthage.release.xcconfig */;
			buildSettings = {
				CODE_SIGN_STYLE = Automatic;
				CURRENT_PROJECT_VERSION = 1;
				DEFINES_MODULE = YES;
				DEVELOPMENT_TEAM = ZPQV7J355L;
				DYLIB_COMPATIBILITY_VERSION = 1;
				DYLIB_CURRENT_VERSION = 1;
				DYLIB_INSTALL_NAME_BASE = "@rpath";
				ENABLE_MODULE_VERIFIER = YES;
				GENERATE_INFOPLIST_FILE = YES;
				INFOPLIST_KEY_NSHumanReadableCopyright = "";
				INSTALL_PATH = "$(LOCAL_LIBRARY_DIR)/Frameworks";
				LD_RUNPATH_SEARCH_PATHS = (
					"$(inherited)",
					"@executable_path/Frameworks",
					"@loader_path/Frameworks",
				);
				MARKETING_VERSION = 1.0;
				MODULE_VERIFIER_SUPPORTED_LANGUAGES = "objective-c objective-c++";
				MODULE_VERIFIER_SUPPORTED_LANGUAGE_STANDARDS = "gnu17 gnu++20";
				PRODUCT_BUNDLE_IDENTIFIER = "com.zabolotiny.Firebase-Carthage";
				PRODUCT_NAME = "$(TARGET_NAME:c99extidentifier)";
				SKIP_INSTALL = YES;
				SWIFT_EMIT_LOC_STRINGS = YES;
				SWIFT_VERSION = 5.0;
				TARGETED_DEVICE_FAMILY = "1,2";
			};
			name = Release;
		};
		5B03D6CE2B9B2D3E00A6CA6B /* Debug */ = {
			isa = XCBuildConfiguration;
			buildSettings = {
				CODE_SIGN_STYLE = Automatic;
				CURRENT_PROJECT_VERSION = 1;
				DEVELOPMENT_TEAM = ZPQV7J355L;
				GENERATE_INFOPLIST_FILE = YES;
				MARKETING_VERSION = 1.0;
				PRODUCT_BUNDLE_IDENTIFIER = "com.zabolotiny.Firebase-CarthageTests";
				PRODUCT_NAME = "$(TARGET_NAME)";
				SWIFT_EMIT_LOC_STRINGS = NO;
				SWIFT_VERSION = 5.0;
				TARGETED_DEVICE_FAMILY = "1,2";
			};
			name = Debug;
		};
		5B03D6CF2B9B2D3E00A6CA6B /* Release */ = {
			isa = XCBuildConfiguration;
			buildSettings = {
				CODE_SIGN_STYLE = Automatic;
				CURRENT_PROJECT_VERSION = 1;
				DEVELOPMENT_TEAM = ZPQV7J355L;
				GENERATE_INFOPLIST_FILE = YES;
				MARKETING_VERSION = 1.0;
				PRODUCT_BUNDLE_IDENTIFIER = "com.zabolotiny.Firebase-CarthageTests";
				PRODUCT_NAME = "$(TARGET_NAME)";
				SWIFT_EMIT_LOC_STRINGS = NO;
				SWIFT_VERSION = 5.0;
				TARGETED_DEVICE_FAMILY = "1,2";
			};
			name = Release;
		};
/* End XCBuildConfiguration section */

/* Begin XCConfigurationList section */
		5B03D6B22B9B2D3E00A6CA6B /* Build configuration list for PBXProject "Firebase-Carthage" */ = {
			isa = XCConfigurationList;
			buildConfigurations = (
				5B03D6C82B9B2D3E00A6CA6B /* Debug */,
				5B03D6C92B9B2D3E00A6CA6B /* Release */,
			);
			defaultConfigurationIsVisible = 0;
			defaultConfigurationName = Release;
		};
		5B03D6CA2B9B2D3E00A6CA6B /* Build configuration list for PBXNativeTarget "Firebase-Carthage" */ = {
			isa = XCConfigurationList;
			buildConfigurations = (
				5B03D6CB2B9B2D3E00A6CA6B /* Debug */,
				5B03D6CC2B9B2D3E00A6CA6B /* Release */,
			);
			defaultConfigurationIsVisible = 0;
			defaultConfigurationName = Release;
		};
		5B03D6CD2B9B2D3E00A6CA6B /* Build configuration list for PBXNativeTarget "Firebase-CarthageTests" */ = {
			isa = XCConfigurationList;
			buildConfigurations = (
				5B03D6CE2B9B2D3E00A6CA6B /* Debug */,
				5B03D6CF2B9B2D3E00A6CA6B /* Release */,
			);
			defaultConfigurationIsVisible = 0;
			defaultConfigurationName = Release;
		};
/* End XCConfigurationList section */
	};
	rootObject = 5B03D6AF2B9B2D3E00A6CA6B /* Project object */;
}
